{
  "name": "dotfiles",
  "version": "1.0.0",
  "lockfileVersion": 1,
  "requires": true,
  "dependencies": {
    "babel-runtime": {
      "version": "6.26.0",
      "resolved": "https://registry.npmjs.org/babel-runtime/-/babel-runtime-6.26.0.tgz",
      "integrity": "sha1-llxwWGaOgrVde/4E/yM3vItWR/4=",
      "requires": {
        "core-js": "2.5.3",
        "regenerator-runtime": "0.11.1"
      }
    },
    "color": {
      "version": "2.0.1",
      "resolved": "https://registry.npmjs.org/color/-/color-2.0.1.tgz",
      "integrity": "sha512-ubUCVVKfT7r2w2D3qtHakj8mbmKms+tThR8gI8zEYCbUBl8/voqFGt3kgBqGwXAopgXybnkuOq+qMYCRrp4cXw==",
      "requires": {
        "color-convert": "1.9.1",
        "color-string": "1.5.2"
      }
    },
    "color-convert": {
      "version": "1.9.1",
      "resolved": "https://registry.npmjs.org/color-convert/-/color-convert-1.9.1.tgz",
      "integrity": "sha512-mjGanIiwQJskCC18rPR6OmrZ6fm2Lc7PeGFYwCmy5J34wC6F1PzdGL6xeMfmgicfYcNLGuVFA3WzXtIDCQSZxQ==",
      "requires": {
        "color-name": "1.1.3"
      }
    },
    "color-name": {
      "version": "1.1.3",
      "resolved": "https://registry.npmjs.org/color-name/-/color-name-1.1.3.tgz",
      "integrity": "sha1-p9BVi9icQveV3UIyj3QIMcpTvCU="
    },
    "color-string": {
      "version": "1.5.2",
      "resolved": "https://registry.npmjs.org/color-string/-/color-string-1.5.2.tgz",
      "integrity": "sha1-JuRYFLw8mny9Z1FkikFDRRSnc6k=",
      "requires": {
        "color-name": "1.1.3",
        "simple-swizzle": "0.2.2"
      }
    },
    "core-js": {
      "version": "2.5.3",
      "resolved": "https://registry.npmjs.org/core-js/-/core-js-2.5.3.tgz",
      "integrity": "sha1-isw4NFgk8W2DZbfJtCWRaOjtYD4="
    },
    "is-arrayish": {
      "version": "0.3.1",
      "resolved": "https://registry.npmjs.org/is-arrayish/-/is-arrayish-0.3.1.tgz",
      "integrity": "sha1-wt/DhquqDD4zxI2z/ocFnmkGXv0="
    },
    "lodash": {
      "version": "4.17.4",
      "resolved": "https://registry.npmjs.org/lodash/-/lodash-4.17.4.tgz",
      "integrity": "sha1-eCA6TRwyiuHYbcpkYONptX9AVa4="
    },
    "minimist": {
      "version": "1.2.0",
      "resolved": "https://registry.npmjs.org/minimist/-/minimist-1.2.0.tgz",
      "integrity": "sha1-o1AIsg9BOD7sH7kU9M1d95omQoQ="
    },
    "mkdirp": {
      "version": "0.5.1",
      "resolved": "https://registry.npmjs.org/mkdirp/-/mkdirp-0.5.1.tgz",
      "integrity": "sha1-MAV0OOrGz3+MR2fzhkjWaX11yQM=",
      "requires": {
        "minimist": "0.0.8"
      },
      "dependencies": {
        "minimist": {
          "version": "0.0.8",
          "resolved": "https://registry.npmjs.org/minimist/-/minimist-0.0.8.tgz",
          "integrity": "sha1-hX/Kv8M5fSYluCKCYuhqp6ARsF0="
        }
      }
    },
    "mkdirp-promise": {
      "version": "5.0.1",
      "resolved": "https://registry.npmjs.org/mkdirp-promise/-/mkdirp-promise-5.0.1.tgz",
      "integrity": "sha1-6bj2jlUsaKnBcTuEiD96HdA5uKE=",
      "requires": {
        "mkdirp": "0.5.1"
      }
    },
    "pn": {
      "version": "1.1.0",
      "resolved": "https://registry.npmjs.org/pn/-/pn-1.1.0.tgz",
      "integrity": "sha512-2qHaIQr2VLRFoxe2nASzsV6ef4yOOH+Fi9FBOVH6cqeSgUnoyySPZkxzLuzd+RYOQTRpROA0ztTMqxROKSb/nA=="
    },
    "regenerator-runtime": {
      "version": "0.11.1",
      "resolved": "https://registry.npmjs.org/regenerator-runtime/-/regenerator-runtime-0.11.1.tgz",
      "integrity": "sha512-MguG95oij0fC3QV3URf4V2SDYGJhJnJGqvIIgdECeODCT98wSWDAJ94SSuVpYQUoTcGUIL6L4yNB7j1DFFHSBg=="
    },
    "rxjs": {
      "version": "5.5.6",
      "resolved": "https://registry.npmjs.org/rxjs/-/rxjs-5.5.6.tgz",
      "integrity": "sha512-v4Q5HDC0FHAQ7zcBX7T2IL6O5ltl1a2GX4ENjPXg6SjDY69Cmx9v4113C99a4wGF16ClPv5Z8mghuYorVkg/kg==",
      "requires": {
        "symbol-observable": "1.0.1"
      }
    },
    "simple-swizzle": {
      "version": "0.2.2",
      "resolved": "https://registry.npmjs.org/simple-swizzle/-/simple-swizzle-0.2.2.tgz",
      "integrity": "sha1-pNprY1/8zMoz9w0Xy5JZLeleVXo=",
      "requires": {
        "is-arrayish": "0.3.1"
      }
    },
    "symbol-observable": {
      "version": "1.0.1",
      "resolved": "https://registry.npmjs.org/symbol-observable/-/symbol-observable-1.0.1.tgz",
      "integrity": "sha1-g0D8RwLDEi310iKI+IKD9RPT/dQ="
    },
    "themer": {
      "version": "2.2.3",
      "resolved": "https://registry.npmjs.org/themer/-/themer-2.2.3.tgz",
      "integrity": "sha512-botZGCoLxUAaBUyLBATOnRUZp4hOPE6UeHb3rwPcqxAcDkHxQ4zWchINAyu1nG3f3arHtJWQmchwZ9bJrk6gjQ==",
      "requires": {
        "minimist": "1.2.0",
        "mkdirp-promise": "5.0.1",
        "pn": "1.1.0",
        "rxjs": "5.5.6"
      }
    },
    "themer-chrome": {
      "version": "1.0.2",
      "resolved": "https://registry.npmjs.org/themer-chrome/-/themer-chrome-1.0.2.tgz",
      "integrity": "sha512-XvboUsvDQFp2WVVm0wY/SQ4l4iuDtPzh+2rwmni5AfBPoAbnxe2PNmFEzIMxz4ligqMshid46d2vPDyhy4rnhA==",
      "requires": {
        "color": "2.0.1",
        "lodash": "4.17.4"
      }
    },
    "themer-colors-default": {
      "version": "1.0.5",
      "resolved": "https://registry.npmjs.org/themer-colors-default/-/themer-colors-default-1.0.5.tgz",
      "integrity": "sha512-hmZsBP8x0o9/6krF+5li3kKTWpjbNHjENIIOkjxtbCXpL4+sixICRqAMc1PXO9Rrw9KBq2HsEw1/+Y8g3X/ElA=="
    },
    "themer-colors-night-sky": {
      "version": "1.0.4",
      "resolved": "https://registry.npmjs.org/themer-colors-night-sky/-/themer-colors-night-sky-1.0.4.tgz",
      "integrity": "sha512-cmkkAB3wBbtObtSDnb92isSIvqArgu75Mj/D7zG31zyhLd9vO41fTpw5TdmdVAU13Y1ix3QzrHIsGQmjRcgdGg=="
    },
    "themer-slack": {
      "version": "1.0.5",
      "resolved": "https://registry.npmjs.org/themer-slack/-/themer-slack-1.0.5.tgz",
      "integrity": "sha512-yAz0uOCjoPXu858ygMxCGCZPSNZtEdWke4qfpenAwXIeZUgyDOvpesddJBERRRFzIwiWMEc25iK5VkkXNR+j4g==",
      "requires": {
        "babel-runtime": "6.26.0"
      }
    },
    "themer-vim": {
      "version": "2.2.7",
      "resolved": "https://registry.npmjs.org/themer-vim/-/themer-vim-2.2.7.tgz",
      "integrity": "sha512-h2xkjoT8zms/68C699Tci+gckaUWWwGL2OIBlEHvP3cAjgWg4ZcyBIo1gq5aIm95yj3+BMbCTQTnFO7AHo+VPg=="
    },
    "themer-wallpaper-block-wave": {
      "version": "2.0.1",
      "resolved": "https://registry.npmjs.org/themer-wallpaper-block-wave/-/themer-wallpaper-block-wave-2.0.1.tgz",
      "integrity": "sha512-2VuIbzxDg8sHvaZQ8JbP7XaoczkHGCbw51g1HwrV39BDpUCJvvdreWOFaE4CK3v1V5s1ZCspxRBaLLf47q8QRA=="
    },
    "themer-wallpaper-octagon": {
      "version": "2.0.1",
      "resolved": "https://registry.npmjs.org/themer-wallpaper-octagon/-/themer-wallpaper-octagon-2.0.1.tgz",
      "integrity": "sha512-dDqeILJIQ4MlkJza7xstZP61qChjqvsSpNYSSXFlxEnZJlnxShoNtFkYFL36nzTgLI6R0GFe4XsY3fZ34djzlA=="
    },
    "themer-wallpaper-triangles": {
      "version": "2.0.2",
      "resolved": "https://registry.npmjs.org/themer-wallpaper-triangles/-/themer-wallpaper-triangles-2.0.2.tgz",
      "integrity": "sha512-97bPwJuygI1s0KFEzg9VG6wWuBsaOoFp8fJTu9t0/5ULuJsEMFE2TfZlL/AtjuqDUMlxZocSxQpYef1wqirXhQ=="
    }
  }
}
