{
  "nodes": {
    "home-manager": {
      "inputs": {
        "nixpkgs": [
          "nixpkgs"
        ]
      },
      "locked": {
        "lastModified": 1753055804,
        "narHash": "sha256-KerePGJYX47ex6OY3CWsid4AltO2gDtQROunYJ0eCEE=",
        "owner": "nix-community",
        "repo": "home-manager",
        "rev": "adf195f021a8cbb0c317f75b52e96c82616526f9",
        "type": "github"
      },
      "original": {
        "owner": "nix-community",
        "ref": "release-25.05",
        "repo": "home-manager",
        "type": "github"
      }
    },
    "nixpkgs": {
      "locked": {
        "lastModified": 1753115646,
        "narHash": "sha256-yLuz5cz5Z+sn8DRAfNkrd2Z1cV6DaYO9JMrEz4KZo/c=",
        "owner": "NixOS",
        "repo": "nixpkgs",
        "rev": "92c2e04a475523e723c67ef872d8037379073681",
        "type": "github"
      },
      "original": {
        "owner": "NixOS",
        "ref": "nixos-25.05",
        "repo": "nixpkgs",
        "type": "github"
      }
    },
    "root": {
      "inputs": {
        "home-manager": "home-manager",
        "nixpkgs": "nixpkgs",
        "zen-browser": "zen-browser"
      }
    },
    "zen-browser": {
      "inputs": {
        "nixpkgs": [
          "nixpkgs"
        ]
      },
      "locked": {
        "lastModified": 1752725859,
        "narHash": "sha256-kjpmc7Y164ajPdscAZLFQTtzXP5sEE2dR30NuHe5lQY=",
        "owner": "youwen5",
        "repo": "zen-browser-flake",
        "rev": "2276ddce91a949e0819d9e8c4b171c40ce770390",
        "type": "github"
      },
      "original": {
        "owner": "youwen5",
        "repo": "zen-browser-flake",
        "type": "github"
      }
    }
  },
  "root": "root",
  "version": 7
}
